// !$*UTF8*$!
{
	archiveVersion = 1;
	classes = {
	};
	objectVersion = 48;
	objects = {

/* Begin PBXBuildFile section */
		1A14167E1F953A4800A9F651 /* ImageCacheManager.swift in Sources */ = {isa = PBXBuildFile; fileRef = 1A14167D1F953A4800A9F651 /* ImageCacheManager.swift */; };
		1A57C5F71F881405007D2BD7 /* AppDelegate.swift in Sources */ = {isa = PBXBuildFile; fileRef = 1A57C5F61F881405007D2BD7 /* AppDelegate.swift */; };
		1A57C5F91F881405007D2BD7 /* ViewController.swift in Sources */ = {isa = PBXBuildFile; fileRef = 1A57C5F81F881405007D2BD7 /* ViewController.swift */; };
		1A57C5FC1F881405007D2BD7 /* Main.storyboard in Resources */ = {isa = PBXBuildFile; fileRef = 1A57C5FA1F881405007D2BD7 /* Main.storyboard */; };
		1A57C5FE1F881405007D2BD7 /* Assets.xcassets in Resources */ = {isa = PBXBuildFile; fileRef = 1A57C5FD1F881405007D2BD7 /* Assets.xcassets */; };
		1A57C6011F881405007D2BD7 /* LaunchScreen.storyboard in Resources */ = {isa = PBXBuildFile; fileRef = 1A57C5FF1F881405007D2BD7 /* LaunchScreen.storyboard */; };
		1A57C60C1F881405007D2BD7 /* ChicagoComedyTests.swift in Sources */ = {isa = PBXBuildFile; fileRef = 1A57C60B1F881405007D2BD7 /* ChicagoComedyTests.swift */; };
		1A57C6171F881405007D2BD7 /* ChicagoComedyUITests.swift in Sources */ = {isa = PBXBuildFile; fileRef = 1A57C6161F881405007D2BD7 /* ChicagoComedyUITests.swift */; };
		1A57C6261F881757007D2BD7 /* CurrentEventsViewController.swift in Sources */ = {isa = PBXBuildFile; fileRef = 1A57C6251F881757007D2BD7 /* CurrentEventsViewController.swift */; };
		1A57C6291F881812007D2BD7 /* EventCell.swift in Sources */ = {isa = PBXBuildFile; fileRef = 1A57C6281F881812007D2BD7 /* EventCell.swift */; };
		1A57C62C1F881A63007D2BD7 /* EventAPIClient.swift in Sources */ = {isa = PBXBuildFile; fileRef = 1A57C62B1F881A63007D2BD7 /* EventAPIClient.swift */; };
		1A57C62E1F88237B007D2BD7 /* EventDetailsViewControlelr.swift in Sources */ = {isa = PBXBuildFile; fileRef = 1A57C62D1F88237B007D2BD7 /* EventDetailsViewControlelr.swift */; };
		1A57C6301F883C82007D2BD7 /* RootNavigationController.swift in Sources */ = {isa = PBXBuildFile; fileRef = 1A57C62F1F883C82007D2BD7 /* RootNavigationController.swift */; };
		1A57C6321F8FCD80007D2BD7 /* EventDetailsTableViewController.swift in Sources */ = {isa = PBXBuildFile; fileRef = 1A57C6311F8FCD80007D2BD7 /* EventDetailsTableViewController.swift */; };
		1A57C6341F8FE28A007D2BD7 /* EventHeaderCell.swift in Sources */ = {isa = PBXBuildFile; fileRef = 1A57C6331F8FE28A007D2BD7 /* EventHeaderCell.swift */; };
		1A57C6381F8FF316007D2BD7 /* EventDescriptionCell.swift in Sources */ = {isa = PBXBuildFile; fileRef = 1A57C6371F8FF316007D2BD7 /* EventDescriptionCell.swift */; };
		1A57C63B1F90115F007D2BD7 /* CardView.swift in Sources */ = {isa = PBXBuildFile; fileRef = 1A57C63A1F90115F007D2BD7 /* CardView.swift */; };
		1A57C63D1F901993007D2BD7 /* EventInfoCell.swift in Sources */ = {isa = PBXBuildFile; fileRef = 1A57C63C1F901993007D2BD7 /* EventInfoCell.swift */; };
		1A57C63F1F9122A2007D2BD7 /* UITextViewFixed.swift in Sources */ = {isa = PBXBuildFile; fileRef = 1A57C63E1F9122A2007D2BD7 /* UITextViewFixed.swift */; };
		1A57C6411F913DF0007D2BD7 /* UIViewBorder.swift in Sources */ = {isa = PBXBuildFile; fileRef = 1A57C6401F913DF0007D2BD7 /* UIViewBorder.swift */; };
		1A57C6431F914930007D2BD7 /* InfoCell.swift in Sources */ = {isa = PBXBuildFile; fileRef = 1A57C6421F914930007D2BD7 /* InfoCell.swift */; };
		1A57C6451F91575D007D2BD7 /* UITableViewBorder.swift in Sources */ = {isa = PBXBuildFile; fileRef = 1A57C6441F91575D007D2BD7 /* UITableViewBorder.swift */; };
		7A874E93C84B5FDB7DEE20DD /* Pods_ChicagoComedyUITests.framework in Frameworks */ = {isa = PBXBuildFile; fileRef = 42A814EEF48AAEE160495FB9 /* Pods_ChicagoComedyUITests.framework */; };
		97D8E1F310273D6087580C74 /* Pods_ChicagoComedyTests.framework in Frameworks */ = {isa = PBXBuildFile; fileRef = 468CC6C64E4F08EDE31F8C00 /* Pods_ChicagoComedyTests.framework */; };
		E3E9FB31852B810CF3EE98AA /* Pods_ChicagoComedy.framework in Frameworks */ = {isa = PBXBuildFile; fileRef = 474FD40640578183E244CDC5 /* Pods_ChicagoComedy.framework */; };
/* End PBXBuildFile section */

/* Begin PBXContainerItemProxy section */
		1A57C6081F881405007D2BD7 /* PBXContainerItemProxy */ = {
			isa = PBXContainerItemProxy;
			containerPortal = 1A57C5EB1F881404007D2BD7 /* Project object */;
			proxyType = 1;
			remoteGlobalIDString = 1A57C5F21F881404007D2BD7;
			remoteInfo = ChicagoComedy;
		};
		1A57C6131F881405007D2BD7 /* PBXContainerItemProxy */ = {
			isa = PBXContainerItemProxy;
			containerPortal = 1A57C5EB1F881404007D2BD7 /* Project object */;
			proxyType = 1;
			remoteGlobalIDString = 1A57C5F21F881404007D2BD7;
			remoteInfo = ChicagoComedy;
		};
/* End PBXContainerItemProxy section */

/* Begin PBXFileReference section */
		007AEA1E5916E1AA47E203B6 /* Pods-ChicagoComedyTests.release.xcconfig */ = {isa = PBXFileReference; includeInIndex = 1; lastKnownFileType = text.xcconfig; name = "Pods-ChicagoComedyTests.release.xcconfig"; path = "Pods/Target Support Files/Pods-ChicagoComedyTests/Pods-ChicagoComedyTests.release.xcconfig"; sourceTree = "<group>"; };
		1A14167D1F953A4800A9F651 /* ImageCacheManager.swift */ = {isa = PBXFileReference; lastKnownFileType = sourcecode.swift; path = ImageCacheManager.swift; sourceTree = "<group>"; };
		1A57C5F31F881405007D2BD7 /* ChicagoComedy.app */ = {isa = PBXFileReference; explicitFileType = wrapper.application; includeInIndex = 0; path = ChicagoComedy.app; sourceTree = BUILT_PRODUCTS_DIR; };
		1A57C5F61F881405007D2BD7 /* AppDelegate.swift */ = {isa = PBXFileReference; lastKnownFileType = sourcecode.swift; path = AppDelegate.swift; sourceTree = "<group>"; };
		1A57C5F81F881405007D2BD7 /* ViewController.swift */ = {isa = PBXFileReference; lastKnownFileType = sourcecode.swift; path = ViewController.swift; sourceTree = "<group>"; };
		1A57C5FB1F881405007D2BD7 /* Base */ = {isa = PBXFileReference; lastKnownFileType = file.storyboard; name = Base; path = Base.lproj/Main.storyboard; sourceTree = "<group>"; };
		1A57C5FD1F881405007D2BD7 /* Assets.xcassets */ = {isa = PBXFileReference; lastKnownFileType = folder.assetcatalog; path = Assets.xcassets; sourceTree = "<group>"; };
		1A57C6001F881405007D2BD7 /* Base */ = {isa = PBXFileReference; lastKnownFileType = file.storyboard; name = Base; path = Base.lproj/LaunchScreen.storyboard; sourceTree = "<group>"; };
		1A57C6021F881405007D2BD7 /* Info.plist */ = {isa = PBXFileReference; lastKnownFileType = text.plist.xml; path = Info.plist; sourceTree = "<group>"; };
		1A57C6071F881405007D2BD7 /* ChicagoComedyTests.xctest */ = {isa = PBXFileReference; explicitFileType = wrapper.cfbundle; includeInIndex = 0; path = ChicagoComedyTests.xctest; sourceTree = BUILT_PRODUCTS_DIR; };
		1A57C60B1F881405007D2BD7 /* ChicagoComedyTests.swift */ = {isa = PBXFileReference; lastKnownFileType = sourcecode.swift; path = ChicagoComedyTests.swift; sourceTree = "<group>"; };
		1A57C60D1F881405007D2BD7 /* Info.plist */ = {isa = PBXFileReference; lastKnownFileType = text.plist.xml; path = Info.plist; sourceTree = "<group>"; };
		1A57C6121F881405007D2BD7 /* ChicagoComedyUITests.xctest */ = {isa = PBXFileReference; explicitFileType = wrapper.cfbundle; includeInIndex = 0; path = ChicagoComedyUITests.xctest; sourceTree = BUILT_PRODUCTS_DIR; };
		1A57C6161F881405007D2BD7 /* ChicagoComedyUITests.swift */ = {isa = PBXFileReference; lastKnownFileType = sourcecode.swift; path = ChicagoComedyUITests.swift; sourceTree = "<group>"; };
		1A57C6181F881405007D2BD7 /* Info.plist */ = {isa = PBXFileReference; lastKnownFileType = text.plist.xml; path = Info.plist; sourceTree = "<group>"; };
		1A57C6251F881757007D2BD7 /* CurrentEventsViewController.swift */ = {isa = PBXFileReference; lastKnownFileType = sourcecode.swift; path = CurrentEventsViewController.swift; sourceTree = "<group>"; };
		1A57C6281F881812007D2BD7 /* EventCell.swift */ = {isa = PBXFileReference; lastKnownFileType = sourcecode.swift; path = EventCell.swift; sourceTree = "<group>"; };
		1A57C62B1F881A63007D2BD7 /* EventAPIClient.swift */ = {isa = PBXFileReference; lastKnownFileType = sourcecode.swift; path = EventAPIClient.swift; sourceTree = "<group>"; };
		1A57C62D1F88237B007D2BD7 /* EventDetailsViewControlelr.swift */ = {isa = PBXFileReference; lastKnownFileType = sourcecode.swift; path = EventDetailsViewControlelr.swift; sourceTree = "<group>"; };
		1A57C62F1F883C82007D2BD7 /* RootNavigationController.swift */ = {isa = PBXFileReference; lastKnownFileType = sourcecode.swift; path = RootNavigationController.swift; sourceTree = "<group>"; };
		1A57C6311F8FCD80007D2BD7 /* EventDetailsTableViewController.swift */ = {isa = PBXFileReference; lastKnownFileType = sourcecode.swift; path = EventDetailsTableViewController.swift; sourceTree = "<group>"; };
		1A57C6331F8FE28A007D2BD7 /* EventHeaderCell.swift */ = {isa = PBXFileReference; lastKnownFileType = sourcecode.swift; path = EventHeaderCell.swift; sourceTree = "<group>"; };
		1A57C6371F8FF316007D2BD7 /* EventDescriptionCell.swift */ = {isa = PBXFileReference; lastKnownFileType = sourcecode.swift; path = EventDescriptionCell.swift; sourceTree = "<group>"; };
		1A57C63A1F90115F007D2BD7 /* CardView.swift */ = {isa = PBXFileReference; lastKnownFileType = sourcecode.swift; path = CardView.swift; sourceTree = "<group>"; };
		1A57C63C1F901993007D2BD7 /* EventInfoCell.swift */ = {isa = PBXFileReference; lastKnownFileType = sourcecode.swift; path = EventInfoCell.swift; sourceTree = "<group>"; };
		1A57C63E1F9122A2007D2BD7 /* UITextViewFixed.swift */ = {isa = PBXFileReference; lastKnownFileType = sourcecode.swift; path = UITextViewFixed.swift; sourceTree = "<group>"; };
		1A57C6401F913DF0007D2BD7 /* UIViewBorder.swift */ = {isa = PBXFileReference; lastKnownFileType = sourcecode.swift; path = UIViewBorder.swift; sourceTree = "<group>"; };
		1A57C6421F914930007D2BD7 /* InfoCell.swift */ = {isa = PBXFileReference; lastKnownFileType = sourcecode.swift; path = InfoCell.swift; sourceTree = "<group>"; };
		1A57C6441F91575D007D2BD7 /* UITableViewBorder.swift */ = {isa = PBXFileReference; lastKnownFileType = sourcecode.swift; path = UITableViewBorder.swift; sourceTree = "<group>"; };
		24D2FE0B8B9E145843522B7F /* Pods-ChicagoComedy.debug.xcconfig */ = {isa = PBXFileReference; includeInIndex = 1; lastKnownFileType = text.xcconfig; name = "Pods-ChicagoComedy.debug.xcconfig"; path = "Pods/Target Support Files/Pods-ChicagoComedy/Pods-ChicagoComedy.debug.xcconfig"; sourceTree = "<group>"; };
		42A814EEF48AAEE160495FB9 /* Pods_ChicagoComedyUITests.framework */ = {isa = PBXFileReference; explicitFileType = wrapper.framework; includeInIndex = 0; path = Pods_ChicagoComedyUITests.framework; sourceTree = BUILT_PRODUCTS_DIR; };
		468CC6C64E4F08EDE31F8C00 /* Pods_ChicagoComedyTests.framework */ = {isa = PBXFileReference; explicitFileType = wrapper.framework; includeInIndex = 0; path = Pods_ChicagoComedyTests.framework; sourceTree = BUILT_PRODUCTS_DIR; };
		474FD40640578183E244CDC5 /* Pods_ChicagoComedy.framework */ = {isa = PBXFileReference; explicitFileType = wrapper.framework; includeInIndex = 0; path = Pods_ChicagoComedy.framework; sourceTree = BUILT_PRODUCTS_DIR; };
		AB083B0114F6AC8987A0E891 /* Pods-ChicagoComedyUITests.debug.xcconfig */ = {isa = PBXFileReference; includeInIndex = 1; lastKnownFileType = text.xcconfig; name = "Pods-ChicagoComedyUITests.debug.xcconfig"; path = "Pods/Target Support Files/Pods-ChicagoComedyUITests/Pods-ChicagoComedyUITests.debug.xcconfig"; sourceTree = "<group>"; };
		DD4D8418944AD714779FA370 /* Pods-ChicagoComedyUITests.release.xcconfig */ = {isa = PBXFileReference; includeInIndex = 1; lastKnownFileType = text.xcconfig; name = "Pods-ChicagoComedyUITests.release.xcconfig"; path = "Pods/Target Support Files/Pods-ChicagoComedyUITests/Pods-ChicagoComedyUITests.release.xcconfig"; sourceTree = "<group>"; };
		FCE7711396486D3E7A54254B /* Pods-ChicagoComedy.release.xcconfig */ = {isa = PBXFileReference; includeInIndex = 1; lastKnownFileType = text.xcconfig; name = "Pods-ChicagoComedy.release.xcconfig"; path = "Pods/Target Support Files/Pods-ChicagoComedy/Pods-ChicagoComedy.release.xcconfig"; sourceTree = "<group>"; };
		FDE4F47430D6451470185E4A /* Pods-ChicagoComedyTests.debug.xcconfig */ = {isa = PBXFileReference; includeInIndex = 1; lastKnownFileType = text.xcconfig; name = "Pods-ChicagoComedyTests.debug.xcconfig"; path = "Pods/Target Support Files/Pods-ChicagoComedyTests/Pods-ChicagoComedyTests.debug.xcconfig"; sourceTree = "<group>"; };
/* End PBXFileReference section */

/* Begin PBXFrameworksBuildPhase section */
		1A57C5F01F881404007D2BD7 /* Frameworks */ = {
			isa = PBXFrameworksBuildPhase;
			buildActionMask = 2147483647;
			files = (
				E3E9FB31852B810CF3EE98AA /* Pods_ChicagoComedy.framework in Frameworks */,
			);
			runOnlyForDeploymentPostprocessing = 0;
		};
		1A57C6041F881405007D2BD7 /* Frameworks */ = {
			isa = PBXFrameworksBuildPhase;
			buildActionMask = 2147483647;
			files = (
				97D8E1F310273D6087580C74 /* Pods_ChicagoComedyTests.framework in Frameworks */,
			);
			runOnlyForDeploymentPostprocessing = 0;
		};
		1A57C60F1F881405007D2BD7 /* Frameworks */ = {
			isa = PBXFrameworksBuildPhase;
			buildActionMask = 2147483647;
			files = (
				7A874E93C84B5FDB7DEE20DD /* Pods_ChicagoComedyUITests.framework in Frameworks */,
			);
			runOnlyForDeploymentPostprocessing = 0;
		};
/* End PBXFrameworksBuildPhase section */

/* Begin PBXGroup section */
		1A57C5EA1F881404007D2BD7 = {
			isa = PBXGroup;
			children = (
				1A57C5F51F881405007D2BD7 /* ChicagoComedy */,
				1A57C60A1F881405007D2BD7 /* ChicagoComedyTests */,
				1A57C6151F881405007D2BD7 /* ChicagoComedyUITests */,
				1A57C5F41F881405007D2BD7 /* Products */,
				392DEEFDE9CD16821E37489E /* Pods */,
				CDB0970D28676DF61B49A0A0 /* Frameworks */,
			);
			sourceTree = "<group>";
		};
		1A57C5F41F881405007D2BD7 /* Products */ = {
			isa = PBXGroup;
			children = (
				1A57C5F31F881405007D2BD7 /* ChicagoComedy.app */,
				1A57C6071F881405007D2BD7 /* ChicagoComedyTests.xctest */,
				1A57C6121F881405007D2BD7 /* ChicagoComedyUITests.xctest */,
			);
			name = Products;
			sourceTree = "<group>";
		};
		1A57C5F51F881405007D2BD7 /* ChicagoComedy */ = {
			isa = PBXGroup;
			children = (
				1A57C6391F901148007D2BD7 /* Extensions */,
				1A57C62A1F881A47007D2BD7 /* DataControllers */,
				1A57C6271F8817FD007D2BD7 /* Cells */,
				1A57C6241F881740007D2BD7 /* ViewControllers */,
				1A57C5F61F881405007D2BD7 /* AppDelegate.swift */,
				1A57C5F81F881405007D2BD7 /* ViewController.swift */,
				1A57C5FA1F881405007D2BD7 /* Main.storyboard */,
				1A57C5FD1F881405007D2BD7 /* Assets.xcassets */,
				1A57C5FF1F881405007D2BD7 /* LaunchScreen.storyboard */,
				1A57C6021F881405007D2BD7 /* Info.plist */,
			);
			path = ChicagoComedy;
			sourceTree = "<group>";
		};
		1A57C60A1F881405007D2BD7 /* ChicagoComedyTests */ = {
			isa = PBXGroup;
			children = (
				1A57C60B1F881405007D2BD7 /* ChicagoComedyTests.swift */,
				1A57C60D1F881405007D2BD7 /* Info.plist */,
			);
			path = ChicagoComedyTests;
			sourceTree = "<group>";
		};
		1A57C6151F881405007D2BD7 /* ChicagoComedyUITests */ = {
			isa = PBXGroup;
			children = (
				1A57C6161F881405007D2BD7 /* ChicagoComedyUITests.swift */,
				1A57C6181F881405007D2BD7 /* Info.plist */,
			);
			path = ChicagoComedyUITests;
			sourceTree = "<group>";
		};
		1A57C6241F881740007D2BD7 /* ViewControllers */ = {
			isa = PBXGroup;
			children = (
				1A57C6251F881757007D2BD7 /* CurrentEventsViewController.swift */,
				1A57C62D1F88237B007D2BD7 /* EventDetailsViewControlelr.swift */,
				1A57C62F1F883C82007D2BD7 /* RootNavigationController.swift */,
				1A57C6311F8FCD80007D2BD7 /* EventDetailsTableViewController.swift */,
			);
			path = ViewControllers;
			sourceTree = "<group>";
		};
		1A57C6271F8817FD007D2BD7 /* Cells */ = {
			isa = PBXGroup;
			children = (
				1A57C6281F881812007D2BD7 /* EventCell.swift */,
				1A57C6331F8FE28A007D2BD7 /* EventHeaderCell.swift */,
				1A57C6371F8FF316007D2BD7 /* EventDescriptionCell.swift */,
				1A57C63C1F901993007D2BD7 /* EventInfoCell.swift */,
				1A57C6421F914930007D2BD7 /* InfoCell.swift */,
			);
			path = Cells;
			sourceTree = "<group>";
		};
		1A57C62A1F881A47007D2BD7 /* DataControllers */ = {
			isa = PBXGroup;
			children = (
				1A57C62B1F881A63007D2BD7 /* EventAPIClient.swift */,
				1A14167D1F953A4800A9F651 /* ImageCacheManager.swift */,
			);
			path = DataControllers;
			sourceTree = "<group>";
		};
		1A57C6391F901148007D2BD7 /* Extensions */ = {
			isa = PBXGroup;
			children = (
				1A57C63A1F90115F007D2BD7 /* CardView.swift */,
				1A57C63E1F9122A2007D2BD7 /* UITextViewFixed.swift */,
				1A57C6401F913DF0007D2BD7 /* UIViewBorder.swift */,
				1A57C6441F91575D007D2BD7 /* UITableViewBorder.swift */,
			);
			path = Extensions;
			sourceTree = "<group>";
		};
		392DEEFDE9CD16821E37489E /* Pods */ = {
			isa = PBXGroup;
			children = (
				24D2FE0B8B9E145843522B7F /* Pods-ChicagoComedy.debug.xcconfig */,
				FCE7711396486D3E7A54254B /* Pods-ChicagoComedy.release.xcconfig */,
				FDE4F47430D6451470185E4A /* Pods-ChicagoComedyTests.debug.xcconfig */,
				007AEA1E5916E1AA47E203B6 /* Pods-ChicagoComedyTests.release.xcconfig */,
				AB083B0114F6AC8987A0E891 /* Pods-ChicagoComedyUITests.debug.xcconfig */,
				DD4D8418944AD714779FA370 /* Pods-ChicagoComedyUITests.release.xcconfig */,
			);
			name = Pods;
			sourceTree = "<group>";
		};
		CDB0970D28676DF61B49A0A0 /* Frameworks */ = {
			isa = PBXGroup;
			children = (
				474FD40640578183E244CDC5 /* Pods_ChicagoComedy.framework */,
				468CC6C64E4F08EDE31F8C00 /* Pods_ChicagoComedyTests.framework */,
				42A814EEF48AAEE160495FB9 /* Pods_ChicagoComedyUITests.framework */,
			);
			name = Frameworks;
			sourceTree = "<group>";
		};
/* End PBXGroup section */

/* Begin PBXNativeTarget section */
		1A57C5F21F881404007D2BD7 /* ChicagoComedy */ = {
			isa = PBXNativeTarget;
			buildConfigurationList = 1A57C61B1F881405007D2BD7 /* Build configuration list for PBXNativeTarget "ChicagoComedy" */;
			buildPhases = (
				36A7FDF7A2DC941DD8558793 /* [CP] Check Pods Manifest.lock */,
				1A57C5EF1F881404007D2BD7 /* Sources */,
				1A57C5F01F881404007D2BD7 /* Frameworks */,
				1A57C5F11F881404007D2BD7 /* Resources */,
				C76BB1B2C8C06A462CEAB852 /* [CP] Embed Pods Frameworks */,
				950214584CD11A12A3798E7D /* [CP] Copy Pods Resources */,
			);
			buildRules = (
			);
			dependencies = (
			);
			name = ChicagoComedy;
			productName = ChicagoComedy;
			productReference = 1A57C5F31F881405007D2BD7 /* ChicagoComedy.app */;
			productType = "com.apple.product-type.application";
		};
		1A57C6061F881405007D2BD7 /* ChicagoComedyTests */ = {
			isa = PBXNativeTarget;
			buildConfigurationList = 1A57C61E1F881405007D2BD7 /* Build configuration list for PBXNativeTarget "ChicagoComedyTests" */;
			buildPhases = (
				C6E84A9EF3BCE7CA86687CE1 /* [CP] Check Pods Manifest.lock */,
				1A57C6031F881405007D2BD7 /* Sources */,
				1A57C6041F881405007D2BD7 /* Frameworks */,
				1A57C6051F881405007D2BD7 /* Resources */,
				00604E02409B7213E5F8BE3A /* [CP] Embed Pods Frameworks */,
				B31E2E22A1B9D77FFD98DC93 /* [CP] Copy Pods Resources */,
			);
			buildRules = (
			);
			dependencies = (
				1A57C6091F881405007D2BD7 /* PBXTargetDependency */,
			);
			name = ChicagoComedyTests;
			productName = ChicagoComedyTests;
			productReference = 1A57C6071F881405007D2BD7 /* ChicagoComedyTests.xctest */;
			productType = "com.apple.product-type.bundle.unit-test";
		};
		1A57C6111F881405007D2BD7 /* ChicagoComedyUITests */ = {
			isa = PBXNativeTarget;
			buildConfigurationList = 1A57C6211F881405007D2BD7 /* Build configuration list for PBXNativeTarget "ChicagoComedyUITests" */;
			buildPhases = (
				017168FC7BB0B9317A3725B1 /* [CP] Check Pods Manifest.lock */,
				1A57C60E1F881405007D2BD7 /* Sources */,
				1A57C60F1F881405007D2BD7 /* Frameworks */,
				1A57C6101F881405007D2BD7 /* Resources */,
				353C046ED5EFC226EF1B81A7 /* [CP] Embed Pods Frameworks */,
				ACED9DA82D03FA5E352383A6 /* [CP] Copy Pods Resources */,
			);
			buildRules = (
			);
			dependencies = (
				1A57C6141F881405007D2BD7 /* PBXTargetDependency */,
			);
			name = ChicagoComedyUITests;
			productName = ChicagoComedyUITests;
			productReference = 1A57C6121F881405007D2BD7 /* ChicagoComedyUITests.xctest */;
			productType = "com.apple.product-type.bundle.ui-testing";
		};
/* End PBXNativeTarget section */

/* Begin PBXProject section */
		1A57C5EB1F881404007D2BD7 /* Project object */ = {
			isa = PBXProject;
			attributes = {
				LastSwiftUpdateCheck = 0900;
				LastUpgradeCheck = 0900;
				ORGANIZATIONNAME = MBT;
				TargetAttributes = {
					1A57C5F21F881404007D2BD7 = {
						CreatedOnToolsVersion = 9.0;
						ProvisioningStyle = Automatic;
					};
					1A57C6061F881405007D2BD7 = {
						CreatedOnToolsVersion = 9.0;
						ProvisioningStyle = Automatic;
						TestTargetID = 1A57C5F21F881404007D2BD7;
					};
					1A57C6111F881405007D2BD7 = {
						CreatedOnToolsVersion = 9.0;
						ProvisioningStyle = Automatic;
						TestTargetID = 1A57C5F21F881404007D2BD7;
					};
				};
			};
			buildConfigurationList = 1A57C5EE1F881404007D2BD7 /* Build configuration list for PBXProject "ChicagoComedy" */;
			compatibilityVersion = "Xcode 8.0";
			developmentRegion = en;
			hasScannedForEncodings = 0;
			knownRegions = (
				en,
				Base,
			);
			mainGroup = 1A57C5EA1F881404007D2BD7;
			productRefGroup = 1A57C5F41F881405007D2BD7 /* Products */;
			projectDirPath = "";
			projectRoot = "";
			targets = (
				1A57C5F21F881404007D2BD7 /* ChicagoComedy */,
				1A57C6061F881405007D2BD7 /* ChicagoComedyTests */,
				1A57C6111F881405007D2BD7 /* ChicagoComedyUITests */,
			);
		};
/* End PBXProject section */

/* Begin PBXResourcesBuildPhase section */
		1A57C5F11F881404007D2BD7 /* Resources */ = {
			isa = PBXResourcesBuildPhase;
			buildActionMask = 2147483647;
			files = (
				1A57C6011F881405007D2BD7 /* LaunchScreen.storyboard in Resources */,
				1A57C5FE1F881405007D2BD7 /* Assets.xcassets in Resources */,
				1A57C5FC1F881405007D2BD7 /* Main.storyboard in Resources */,
			);
			runOnlyForDeploymentPostprocessing = 0;
		};
		1A57C6051F881405007D2BD7 /* Resources */ = {
			isa = PBXResourcesBuildPhase;
			buildActionMask = 2147483647;
			files = (
			);
			runOnlyForDeploymentPostprocessing = 0;
		};
		1A57C6101F881405007D2BD7 /* Resources */ = {
			isa = PBXResourcesBuildPhase;
			buildActionMask = 2147483647;
			files = (
			);
			runOnlyForDeploymentPostprocessing = 0;
		};
/* End PBXResourcesBuildPhase section */

/* Begin PBXShellScriptBuildPhase section */
		00604E02409B7213E5F8BE3A /* [CP] Embed Pods Frameworks */ = {
			isa = PBXShellScriptBuildPhase;
			buildActionMask = 2147483647;
			files = (
			);
			inputPaths = (
			);
			name = "[CP] Embed Pods Frameworks";
			outputPaths = (
			);
			runOnlyForDeploymentPostprocessing = 0;
			shellPath = /bin/sh;
			shellScript = "\"${SRCROOT}/Pods/Target Support Files/Pods-ChicagoComedyTests/Pods-ChicagoComedyTests-frameworks.sh\"\n";
			showEnvVarsInLog = 0;
		};
		017168FC7BB0B9317A3725B1 /* [CP] Check Pods Manifest.lock */ = {
			isa = PBXShellScriptBuildPhase;
			buildActionMask = 2147483647;
			files = (
			);
			inputPaths = (
			);
			name = "[CP] Check Pods Manifest.lock";
			outputPaths = (
			);
			runOnlyForDeploymentPostprocessing = 0;
			shellPath = /bin/sh;
			shellScript = "diff \"${PODS_ROOT}/../Podfile.lock\" \"${PODS_ROOT}/Manifest.lock\" > /dev/null\nif [ $? != 0 ] ; then\n    # print error to STDERR\n    echo \"error: The sandbox is not in sync with the Podfile.lock. Run 'pod install' or update your CocoaPods installation.\" >&2\n    exit 1\nfi\n";
			showEnvVarsInLog = 0;
		};
		353C046ED5EFC226EF1B81A7 /* [CP] Embed Pods Frameworks */ = {
			isa = PBXShellScriptBuildPhase;
			buildActionMask = 2147483647;
			files = (
			);
			inputPaths = (
			);
			name = "[CP] Embed Pods Frameworks";
			outputPaths = (
			);
			runOnlyForDeploymentPostprocessing = 0;
			shellPath = /bin/sh;
			shellScript = "\"${SRCROOT}/Pods/Target Support Files/Pods-ChicagoComedyUITests/Pods-ChicagoComedyUITests-frameworks.sh\"\n";
			showEnvVarsInLog = 0;
		};
		36A7FDF7A2DC941DD8558793 /* [CP] Check Pods Manifest.lock */ = {
			isa = PBXShellScriptBuildPhase;
			buildActionMask = 2147483647;
			files = (
			);
			inputPaths = (
			);
			name = "[CP] Check Pods Manifest.lock";
			outputPaths = (
			);
			runOnlyForDeploymentPostprocessing = 0;
			shellPath = /bin/sh;
			shellScript = "diff \"${PODS_ROOT}/../Podfile.lock\" \"${PODS_ROOT}/Manifest.lock\" > /dev/null\nif [ $? != 0 ] ; then\n    # print error to STDERR\n    echo \"error: The sandbox is not in sync with the Podfile.lock. Run 'pod install' or update your CocoaPods installation.\" >&2\n    exit 1\nfi\n";
			showEnvVarsInLog = 0;
		};
		950214584CD11A12A3798E7D /* [CP] Copy Pods Resources */ = {
			isa = PBXShellScriptBuildPhase;
			buildActionMask = 2147483647;
			files = (
			);
			inputPaths = (
			);
			name = "[CP] Copy Pods Resources";
			outputPaths = (
			);
			runOnlyForDeploymentPostprocessing = 0;
			shellPath = /bin/sh;
			shellScript = "\"${SRCROOT}/Pods/Target Support Files/Pods-ChicagoComedy/Pods-ChicagoComedy-resources.sh\"\n";
			showEnvVarsInLog = 0;
		};
		ACED9DA82D03FA5E352383A6 /* [CP] Copy Pods Resources */ = {
			isa = PBXShellScriptBuildPhase;
			buildActionMask = 2147483647;
			files = (
			);
			inputPaths = (
			);
			name = "[CP] Copy Pods Resources";
			outputPaths = (
			);
			runOnlyForDeploymentPostprocessing = 0;
			shellPath = /bin/sh;
			shellScript = "\"${SRCROOT}/Pods/Target Support Files/Pods-ChicagoComedyUITests/Pods-ChicagoComedyUITests-resources.sh\"\n";
			showEnvVarsInLog = 0;
		};
		B31E2E22A1B9D77FFD98DC93 /* [CP] Copy Pods Resources */ = {
			isa = PBXShellScriptBuildPhase;
			buildActionMask = 2147483647;
			files = (
			);
			inputPaths = (
			);
			name = "[CP] Copy Pods Resources";
			outputPaths = (
			);
			runOnlyForDeploymentPostprocessing = 0;
			shellPath = /bin/sh;
			shellScript = "\"${SRCROOT}/Pods/Target Support Files/Pods-ChicagoComedyTests/Pods-ChicagoComedyTests-resources.sh\"\n";
			showEnvVarsInLog = 0;
		};
		C6E84A9EF3BCE7CA86687CE1 /* [CP] Check Pods Manifest.lock */ = {
			isa = PBXShellScriptBuildPhase;
			buildActionMask = 2147483647;
			files = (
			);
			inputPaths = (
			);
			name = "[CP] Check Pods Manifest.lock";
			outputPaths = (
			);
			runOnlyForDeploymentPostprocessing = 0;
			shellPath = /bin/sh;
			shellScript = "diff \"${PODS_ROOT}/../Podfile.lock\" \"${PODS_ROOT}/Manifest.lock\" > /dev/null\nif [ $? != 0 ] ; then\n    # print error to STDERR\n    echo \"error: The sandbox is not in sync with the Podfile.lock. Run 'pod install' or update your CocoaPods installation.\" >&2\n    exit 1\nfi\n";
			showEnvVarsInLog = 0;
		};
		C76BB1B2C8C06A462CEAB852 /* [CP] Embed Pods Frameworks */ = {
			isa = PBXShellScriptBuildPhase;
			buildActionMask = 2147483647;
			files = (
			);
			inputPaths = (
			);
			name = "[CP] Embed Pods Frameworks";
			outputPaths = (
			);
			runOnlyForDeploymentPostprocessing = 0;
			shellPath = /bin/sh;
			shellScript = "\"${SRCROOT}/Pods/Target Support Files/Pods-ChicagoComedy/Pods-ChicagoComedy-frameworks.sh\"\n";
			showEnvVarsInLog = 0;
		};
/* End PBXShellScriptBuildPhase section */

/* Begin PBXSourcesBuildPhase section */
		1A57C5EF1F881404007D2BD7 /* Sources */ = {
			isa = PBXSourcesBuildPhase;
			buildActionMask = 2147483647;
			files = (
				1A57C6411F913DF0007D2BD7 /* UIViewBorder.swift in Sources */,
				1A57C6451F91575D007D2BD7 /* UITableViewBorder.swift in Sources */,
				1A57C62E1F88237B007D2BD7 /* EventDetailsViewControlelr.swift in Sources */,
				1A57C62C1F881A63007D2BD7 /* EventAPIClient.swift in Sources */,
				1A14167E1F953A4800A9F651 /* ImageCacheManager.swift in Sources */,
				1A57C6291F881812007D2BD7 /* EventCell.swift in Sources */,
				1A57C6341F8FE28A007D2BD7 /* EventHeaderCell.swift in Sources */,
				1A57C6261F881757007D2BD7 /* CurrentEventsViewController.swift in Sources */,
				1A57C63F1F9122A2007D2BD7 /* UITextViewFixed.swift in Sources */,
				1A57C5F91F881405007D2BD7 /* ViewController.swift in Sources */,
				1A57C6301F883C82007D2BD7 /* RootNavigationController.swift in Sources */,
				1A57C5F71F881405007D2BD7 /* AppDelegate.swift in Sources */,
				1A57C63D1F901993007D2BD7 /* EventInfoCell.swift in Sources */,
				1A57C6321F8FCD80007D2BD7 /* EventDetailsTableViewController.swift in Sources */,
				1A57C63B1F90115F007D2BD7 /* CardView.swift in Sources */,
				1A57C6381F8FF316007D2BD7 /* EventDescriptionCell.swift in Sources */,
				1A57C6431F914930007D2BD7 /* InfoCell.swift in Sources */,
			);
			runOnlyForDeploymentPostprocessing = 0;
		};
		1A57C6031F881405007D2BD7 /* Sources */ = {
			isa = PBXSourcesBuildPhase;
			buildActionMask = 2147483647;
			files = (
				1A57C60C1F881405007D2BD7 /* ChicagoComedyTests.swift in Sources */,
			);
			runOnlyForDeploymentPostprocessing = 0;
		};
		1A57C60E1F881405007D2BD7 /* Sources */ = {
			isa = PBXSourcesBuildPhase;
			buildActionMask = 2147483647;
			files = (
				1A57C6171F881405007D2BD7 /* ChicagoComedyUITests.swift in Sources */,
			);
			runOnlyForDeploymentPostprocessing = 0;
		};
/* End PBXSourcesBuildPhase section */

/* Begin PBXTargetDependency section */
		1A57C6091F881405007D2BD7 /* PBXTargetDependency */ = {
			isa = PBXTargetDependency;
			target = 1A57C5F21F881404007D2BD7 /* ChicagoComedy */;
			targetProxy = 1A57C6081F881405007D2BD7 /* PBXContainerItemProxy */;
		};
		1A57C6141F881405007D2BD7 /* PBXTargetDependency */ = {
			isa = PBXTargetDependency;
			target = 1A57C5F21F881404007D2BD7 /* ChicagoComedy */;
			targetProxy = 1A57C6131F881405007D2BD7 /* PBXContainerItemProxy */;
		};
/* End PBXTargetDependency section */

/* Begin PBXVariantGroup section */
		1A57C5FA1F881405007D2BD7 /* Main.storyboard */ = {
			isa = PBXVariantGroup;
			children = (
				1A57C5FB1F881405007D2BD7 /* Base */,
			);
			name = Main.storyboard;
			sourceTree = "<group>";
		};
		1A57C5FF1F881405007D2BD7 /* LaunchScreen.storyboard */ = {
			isa = PBXVariantGroup;
			children = (
				1A57C6001F881405007D2BD7 /* Base */,
			);
			name = LaunchScreen.storyboard;
			sourceTree = "<group>";
		};
/* End PBXVariantGroup section */

/* Begin XCBuildConfiguration section */
		1A57C6191F881405007D2BD7 /* Debug */ = {
			isa = XCBuildConfiguration;
			buildSettings = {
				ALWAYS_SEARCH_USER_PATHS = NO;
				CLANG_ANALYZER_NONNULL = YES;
				CLANG_ANALYZER_NUMBER_OBJECT_CONVERSION = YES_AGGRESSIVE;
				CLANG_CXX_LANGUAGE_STANDARD = "gnu++14";
				CLANG_CXX_LIBRARY = "libc++";
				CLANG_ENABLE_MODULES = YES;
				CLANG_ENABLE_OBJC_ARC = YES;
				CLANG_WARN_BLOCK_CAPTURE_AUTORELEASING = YES;
				CLANG_WARN_BOOL_CONVERSION = YES;
				CLANG_WARN_COMMA = YES;
				CLANG_WARN_CONSTANT_CONVERSION = YES;
				CLANG_WARN_DIRECT_OBJC_ISA_USAGE = YES_ERROR;
				CLANG_WARN_DOCUMENTATION_COMMENTS = YES;
				CLANG_WARN_EMPTY_BODY = YES;
				CLANG_WARN_ENUM_CONVERSION = YES;
				CLANG_WARN_INFINITE_RECURSION = YES;
				CLANG_WARN_INT_CONVERSION = YES;
				CLANG_WARN_NON_LITERAL_NULL_CONVERSION = YES;
				CLANG_WARN_OBJC_LITERAL_CONVERSION = YES;
				CLANG_WARN_OBJC_ROOT_CLASS = YES_ERROR;
				CLANG_WARN_RANGE_LOOP_ANALYSIS = YES;
				CLANG_WARN_STRICT_PROTOTYPES = YES;
				CLANG_WARN_SUSPICIOUS_MOVE = YES;
				CLANG_WARN_UNGUARDED_AVAILABILITY = YES_AGGRESSIVE;
				CLANG_WARN_UNREACHABLE_CODE = YES;
				CLANG_WARN__DUPLICATE_METHOD_MATCH = YES;
				CODE_SIGN_IDENTITY = "iPhone Developer";
				COPY_PHASE_STRIP = NO;
				DEBUG_INFORMATION_FORMAT = dwarf;
				ENABLE_STRICT_OBJC_MSGSEND = YES;
				ENABLE_TESTABILITY = YES;
				GCC_C_LANGUAGE_STANDARD = gnu11;
				GCC_DYNAMIC_NO_PIC = NO;
				GCC_NO_COMMON_BLOCKS = YES;
				GCC_OPTIMIZATION_LEVEL = 0;
				GCC_PREPROCESSOR_DEFINITIONS = (
					"DEBUG=1",
					"$(inherited)",
				);
				GCC_WARN_64_TO_32_BIT_CONVERSION = YES;
				GCC_WARN_ABOUT_RETURN_TYPE = YES_ERROR;
				GCC_WARN_UNDECLARED_SELECTOR = YES;
				GCC_WARN_UNINITIALIZED_AUTOS = YES_AGGRESSIVE;
				GCC_WARN_UNUSED_FUNCTION = YES;
				GCC_WARN_UNUSED_VARIABLE = YES;
				IPHONEOS_DEPLOYMENT_TARGET = 11.0;
				MTL_ENABLE_DEBUG_INFO = YES;
				ONLY_ACTIVE_ARCH = YES;
				SDKROOT = iphoneos;
				SWIFT_ACTIVE_COMPILATION_CONDITIONS = DEBUG;
				SWIFT_OPTIMIZATION_LEVEL = "-Onone";
			};
			name = Debug;
		};
		1A57C61A1F881405007D2BD7 /* Release */ = {
			isa = XCBuildConfiguration;
			buildSettings = {
				ALWAYS_SEARCH_USER_PATHS = NO;
				CLANG_ANALYZER_NONNULL = YES;
				CLANG_ANALYZER_NUMBER_OBJECT_CONVERSION = YES_AGGRESSIVE;
				CLANG_CXX_LANGUAGE_STANDARD = "gnu++14";
				CLANG_CXX_LIBRARY = "libc++";
				CLANG_ENABLE_MODULES = YES;
				CLANG_ENABLE_OBJC_ARC = YES;
				CLANG_WARN_BLOCK_CAPTURE_AUTORELEASING = YES;
				CLANG_WARN_BOOL_CONVERSION = YES;
				CLANG_WARN_COMMA = YES;
				CLANG_WARN_CONSTANT_CONVERSION = YES;
				CLANG_WARN_DIRECT_OBJC_ISA_USAGE = YES_ERROR;
				CLANG_WARN_DOCUMENTATION_COMMENTS = YES;
				CLANG_WARN_EMPTY_BODY = YES;
				CLANG_WARN_ENUM_CONVERSION = YES;
				CLANG_WARN_INFINITE_RECURSION = YES;
				CLANG_WARN_INT_CONVERSION = YES;
				CLANG_WARN_NON_LITERAL_NULL_CONVERSION = YES;
				CLANG_WARN_OBJC_LITERAL_CONVERSION = YES;
				CLANG_WARN_OBJC_ROOT_CLASS = YES_ERROR;
				CLANG_WARN_RANGE_LOOP_ANALYSIS = YES;
				CLANG_WARN_STRICT_PROTOTYPES = YES;
				CLANG_WARN_SUSPICIOUS_MOVE = YES;
				CLANG_WARN_UNGUARDED_AVAILABILITY = YES_AGGRESSIVE;
				CLANG_WARN_UNREACHABLE_CODE = YES;
				CLANG_WARN__DUPLICATE_METHOD_MATCH = YES;
				CODE_SIGN_IDENTITY = "iPhone Developer";
				COPY_PHASE_STRIP = NO;
				DEBUG_INFORMATION_FORMAT = "dwarf-with-dsym";
				ENABLE_NS_ASSERTIONS = NO;
				ENABLE_STRICT_OBJC_MSGSEND = YES;
				GCC_C_LANGUAGE_STANDARD = gnu11;
				GCC_NO_COMMON_BLOCKS = YES;
				GCC_WARN_64_TO_32_BIT_CONVERSION = YES;
				GCC_WARN_ABOUT_RETURN_TYPE = YES_ERROR;
				GCC_WARN_UNDECLARED_SELECTOR = YES;
				GCC_WARN_UNINITIALIZED_AUTOS = YES_AGGRESSIVE;
				GCC_WARN_UNUSED_FUNCTION = YES;
				GCC_WARN_UNUSED_VARIABLE = YES;
				IPHONEOS_DEPLOYMENT_TARGET = 11.0;
				MTL_ENABLE_DEBUG_INFO = NO;
				SDKROOT = iphoneos;
				SWIFT_OPTIMIZATION_LEVEL = "-Owholemodule";
				VALIDATE_PRODUCT = YES;
			};
			name = Release;
		};
		1A57C61C1F881405007D2BD7 /* Debug */ = {
			isa = XCBuildConfiguration;
			baseConfigurationReference = 24D2FE0B8B9E145843522B7F /* Pods-ChicagoComedy.debug.xcconfig */;
			buildSettings = {
				ALWAYS_EMBED_SWIFT_STANDARD_LIBRARIES = "$(inherited)";
				ASSETCATALOG_COMPILER_APPICON_NAME = AppIcon;
				CODE_SIGN_STYLE = Automatic;
				DEVELOPMENT_TEAM = H6Y7MH7N2M;
				INFOPLIST_FILE = ChicagoComedy/Info.plist;
				IPHONEOS_DEPLOYMENT_TARGET = 10.0;
				LD_RUNPATH_SEARCH_PATHS = "$(inherited) @executable_path/Frameworks";
				PRODUCT_BUNDLE_IDENTIFIER = com.myboringtown.ChicagoComedy;
				PRODUCT_NAME = "$(TARGET_NAME)";
				SWIFT_VERSION = 4.0;
				TARGETED_DEVICE_FAMILY = "1,2";
			};
			name = Debug;
		};
		1A57C61D1F881405007D2BD7 /* Release */ = {
			isa = XCBuildConfiguration;
			baseConfigurationReference = FCE7711396486D3E7A54254B /* Pods-ChicagoComedy.release.xcconfig */;
			buildSettings = {
				ALWAYS_EMBED_SWIFT_STANDARD_LIBRARIES = "$(inherited)";
				ASSETCATALOG_COMPILER_APPICON_NAME = AppIcon;
				CODE_SIGN_STYLE = Automatic;
				DEVELOPMENT_TEAM = H6Y7MH7N2M;
				INFOPLIST_FILE = ChicagoComedy/Info.plist;
				IPHONEOS_DEPLOYMENT_TARGET = 10.0;
				LD_RUNPATH_SEARCH_PATHS = "$(inherited) @executable_path/Frameworks";
				PRODUCT_BUNDLE_IDENTIFIER = com.myboringtown.ChicagoComedy;
				PRODUCT_NAME = "$(TARGET_NAME)";
				SWIFT_VERSION = 4.0;
				TARGETED_DEVICE_FAMILY = "1,2";
			};
			name = Release;
		};
		1A57C61F1F881405007D2BD7 /* Debug */ = {
			isa = XCBuildConfiguration;
			baseConfigurationReference = FDE4F47430D6451470185E4A /* Pods-ChicagoComedyTests.debug.xcconfig */;
			buildSettings = {
				ALWAYS_EMBED_SWIFT_STANDARD_LIBRARIES = "$(inherited)";
				BUNDLE_LOADER = "$(TEST_HOST)";
				CODE_SIGN_STYLE = Automatic;
				DEVELOPMENT_TEAM = H6Y7MH7N2M;
				INFOPLIST_FILE = ChicagoComedyTests/Info.plist;
				LD_RUNPATH_SEARCH_PATHS = "$(inherited) @executable_path/Frameworks @loader_path/Frameworks";
				PRODUCT_BUNDLE_IDENTIFIER = com.myboringtown.ChicagoComedyTests;
				PRODUCT_NAME = "$(TARGET_NAME)";
				SWIFT_VERSION = 4.0;
				TARGETED_DEVICE_FAMILY = "1,2";
				TEST_HOST = "$(BUILT_PRODUCTS_DIR)/ChicagoComedy.app/ChicagoComedy";
			};
			name = Debug;
		};
		1A57C6201F881405007D2BD7 /* Release */ = {
			isa = XCBuildConfiguration;
			baseConfigurationReference = 007AEA1E5916E1AA47E203B6 /* Pods-ChicagoComedyTests.release.xcconfig */;
			buildSettings = {
				ALWAYS_EMBED_SWIFT_STANDARD_LIBRARIES = "$(inherited)";
				BUNDLE_LOADER = "$(TEST_HOST)";
				CODE_SIGN_STYLE = Automatic;
				DEVELOPMENT_TEAM = H6Y7MH7N2M;
				INFOPLIST_FILE = ChicagoComedyTests/Info.plist;
				LD_RUNPATH_SEARCH_PATHS = "$(inherited) @executable_path/Frameworks @loader_path/Frameworks";
				PRODUCT_BUNDLE_IDENTIFIER = com.myboringtown.ChicagoComedyTests;
				PRODUCT_NAME = "$(TARGET_NAME)";
				SWIFT_VERSION = 4.0;
				TARGETED_DEVICE_FAMILY = "1,2";
				TEST_HOST = "$(BUILT_PRODUCTS_DIR)/ChicagoComedy.app/ChicagoComedy";
			};
			name = Release;
		};
		1A57C6221F881405007D2BD7 /* Debug */ = {
			isa = XCBuildConfiguration;
			baseConfigurationReference = AB083B0114F6AC8987A0E891 /* Pods-ChicagoComedyUITests.debug.xcconfig */;
			buildSettings = {
				ALWAYS_EMBED_SWIFT_STANDARD_LIBRARIES = "$(inherited)";
				CODE_SIGN_STYLE = Automatic;
				DEVELOPMENT_TEAM = H6Y7MH7N2M;
				INFOPLIST_FILE = ChicagoComedyUITests/Info.plist;
				LD_RUNPATH_SEARCH_PATHS = "$(inherited) @executable_path/Frameworks @loader_path/Frameworks";
				PRODUCT_BUNDLE_IDENTIFIER = com.myboringtown.ChicagoComedyUITests;
				PRODUCT_NAME = "$(TARGET_NAME)";
				SWIFT_VERSION = 4.0;
				TARGETED_DEVICE_FAMILY = "1,2";
				TEST_TARGET_NAME = ChicagoComedy;
			};
			name = Debug;
		};
		1A57C6231F881405007D2BD7 /* Release */ = {
			isa = XCBuildConfiguration;
			baseConfigurationReference = DD4D8418944AD714779FA370 /* Pods-ChicagoComedyUITests.release.xcconfig */;
			buildSettings = {
				ALWAYS_EMBED_SWIFT_STANDARD_LIBRARIES = "$(inherited)";
				CODE_SIGN_STYLE = Automatic;
				DEVELOPMENT_TEAM = H6Y7MH7N2M;
				INFOPLIST_FILE = ChicagoComedyUITests/Info.plist;
				LD_RUNPATH_SEARCH_PATHS = "$(inherited) @executable_path/Frameworks @loader_path/Frameworks";
				PRODUCT_BUNDLE_IDENTIFIER = com.myboringtown.ChicagoComedyUITests;
				PRODUCT_NAME = "$(TARGET_NAME)";
				SWIFT_VERSION = 4.0;
				TARGETED_DEVICE_FAMILY = "1,2";
				TEST_TARGET_NAME = ChicagoComedy;
			};
			name = Release;
		};
/* End XCBuildConfiguration section */

/* Begin XCConfigurationList section */
		1A57C5EE1F881404007D2BD7 /* Build configuration list for PBXProject "ChicagoComedy" */ = {
			isa = XCConfigurationList;
			buildConfigurations = (
				1A57C6191F881405007D2BD7 /* Debug */,
				1A57C61A1F881405007D2BD7 /* Release */,
			);
			defaultConfigurationIsVisible = 0;
			defaultConfigurationName = Release;
		};
		1A57C61B1F881405007D2BD7 /* Build configuration list for PBXNativeTarget "ChicagoComedy" */ = {
			isa = XCConfigurationList;
			buildConfigurations = (
				1A57C61C1F881405007D2BD7 /* Debug */,
				1A57C61D1F881405007D2BD7 /* Release */,
			);
			defaultConfigurationIsVisible = 0;
			defaultConfigurationName = Release;
		};
		1A57C61E1F881405007D2BD7 /* Build configuration list for PBXNativeTarget "ChicagoComedyTests" */ = {
			isa = XCConfigurationList;
			buildConfigurations = (
				1A57C61F1F881405007D2BD7 /* Debug */,
				1A57C6201F881405007D2BD7 /* Release */,
			);
			defaultConfigurationIsVisible = 0;
			defaultConfigurationName = Release;
		};
		1A57C6211F881405007D2BD7 /* Build configuration list for PBXNativeTarget "ChicagoComedyUITests" */ = {
			isa = XCConfigurationList;
			buildConfigurations = (
				1A57C6221F881405007D2BD7 /* Debug */,
				1A57C6231F881405007D2BD7 /* Release */,
			);
			defaultConfigurationIsVisible = 0;
			defaultConfigurationName = Release;
		};
/* End XCConfigurationList section */
	};
	rootObject = 1A57C5EB1F881404007D2BD7 /* Project object */;
}
